// !$*UTF8*$!
{
	archiveVersion = 1;
	classes = {
	};
	objectVersion = 46;
	objects = {

/* Begin PBXBuildFile section */
		C510124B1FC9A33200CB45A3 /* AppDelegate.swift in Sources */ = {isa = PBXBuildFile; fileRef = C510124A1FC9A33200CB45A3 /* AppDelegate.swift */; };
		C510124D1FC9A33200CB45A3 /* ViewController.swift in Sources */ = {isa = PBXBuildFile; fileRef = C510124C1FC9A33200CB45A3 /* ViewController.swift */; };
		C51012501FC9A33200CB45A3 /* Main.storyboard in Resources */ = {isa = PBXBuildFile; fileRef = C510124E1FC9A33200CB45A3 /* Main.storyboard */; };
		C51012521FC9A33200CB45A3 /* Assets.xcassets in Resources */ = {isa = PBXBuildFile; fileRef = C51012511FC9A33200CB45A3 /* Assets.xcassets */; };
		C51012551FC9A33200CB45A3 /* LaunchScreen.storyboard in Resources */ = {isa = PBXBuildFile; fileRef = C51012531FC9A33200CB45A3 /* LaunchScreen.storyboard */; };
		C51943A51FC9B372005A93BA /* Inceptionv3.mlmodel in Sources */ = {isa = PBXBuildFile; fileRef = C51943A41FC9B372005A93BA /* Inceptionv3.mlmodel */; };
/* End PBXBuildFile section */

/* Begin PBXFileReference section */
		C51012471FC9A33200CB45A3 /* CobaCoreML.app */ = {isa = PBXFileReference; explicitFileType = wrapper.application; includeInIndex = 0; path = CobaCoreML.app; sourceTree = BUILT_PRODUCTS_DIR; };
		C510124A1FC9A33200CB45A3 /* AppDelegate.swift */ = {isa = PBXFileReference; lastKnownFileType = sourcecode.swift; path = AppDelegate.swift; sourceTree = "<group>"; };
		C510124C1FC9A33200CB45A3 /* ViewController.swift */ = {isa = PBXFileReference; lastKnownFileType = sourcecode.swift; path = ViewController.swift; sourceTree = "<group>"; };
		C510124F1FC9A33200CB45A3 /* Base */ = {isa = PBXFileReference; lastKnownFileType = file.storyboard; name = Base; path = Base.lproj/Main.storyboard; sourceTree = "<group>"; };
		C51012511FC9A33200CB45A3 /* Assets.xcassets */ = {isa = PBXFileReference; lastKnownFileType = folder.assetcatalog; path = Assets.xcassets; sourceTree = "<group>"; };
		C51012541FC9A33200CB45A3 /* Base */ = {isa = PBXFileReference; lastKnownFileType = file.storyboard; name = Base; path = Base.lproj/LaunchScreen.storyboard; sourceTree = "<group>"; };
		C51012561FC9A33200CB45A3 /* Info.plist */ = {isa = PBXFileReference; lastKnownFileType = text.plist.xml; path = Info.plist; sourceTree = "<group>"; };
		C51943A41FC9B372005A93BA /* Inceptionv3.mlmodel */ = {isa = PBXFileReference; lastKnownFileType = file.mlmodel; path = Inceptionv3.mlmodel; sourceTree = "<group>"; };
/* End PBXFileReference section */

/* Begin PBXFrameworksBuildPhase section */
		C51012441FC9A33200CB45A3 /* Frameworks */ = {
			isa = PBXFrameworksBuildPhase;
			buildActionMask = 2147483647;
			files = (
			);
			runOnlyForDeploymentPostprocessing = 0;
		};
/* End PBXFrameworksBuildPhase section */

/* Begin PBXGroup section */
		C510123E1FC9A33200CB45A3 = {
			isa = PBXGroup;
			children = (
				C51943A41FC9B372005A93BA /* Inceptionv3.mlmodel */,
				C51012491FC9A33200CB45A3 /* CobaCoreML */,
				C51012481FC9A33200CB45A3 /* Products */,
			);
			sourceTree = "<group>";
		};
		C51012481FC9A33200CB45A3 /* Products */ = {
			isa = PBXGroup;
			children = (
				C51012471FC9A33200CB45A3 /* CobaCoreML.app */,
			);
			name = Products;
			sourceTree = "<group>";
		};
		C51012491FC9A33200CB45A3 /* CobaCoreML */ = {
			isa = PBXGroup;
			children = (
				C510124A1FC9A33200CB45A3 /* AppDelegate.swift */,
				C510124C1FC9A33200CB45A3 /* ViewController.swift */,
				C510124E1FC9A33200CB45A3 /* Main.storyboard */,
				C51012511FC9A33200CB45A3 /* Assets.xcassets */,
				C51012531FC9A33200CB45A3 /* LaunchScreen.storyboard */,
				C51012561FC9A33200CB45A3 /* Info.plist */,
			);
			path = CobaCoreML;
			sourceTree = "<group>";
		};
/* End PBXGroup section */

/* Begin PBXNativeTarget section */
		C51012461FC9A33200CB45A3 /* CobaCoreML */ = {
			isa = PBXNativeTarget;
			buildConfigurationList = C51012591FC9A33200CB45A3 /* Build configuration list for PBXNativeTarget "CobaCoreML" */;
			buildPhases = (
				C51012431FC9A33200CB45A3 /* Sources */,
				C51012441FC9A33200CB45A3 /* Frameworks */,
				C51012451FC9A33200CB45A3 /* Resources */,
			);
			buildRules = (
			);
			dependencies = (
			);
			name = CobaCoreML;
			productName = CobaCoreML;
			productReference = C51012471FC9A33200CB45A3 /* CobaCoreML.app */;
			productType = "com.apple.product-type.application";
		};
/* End PBXNativeTarget section */

/* Begin PBXProject section */
		C510123F1FC9A33200CB45A3 /* Project object */ = {
			isa = PBXProject;
			attributes = {
				LastSwiftUpdateCheck = 0830;
				LastUpgradeCheck = 0830;
				ORGANIZATIONNAME = "Codelabs Unikom";
				TargetAttributes = {
					C51012461FC9A33200CB45A3 = {
						CreatedOnToolsVersion = 8.3.3;
						DevelopmentTeam = 77C5V7A2G9;
						ProvisioningStyle = Automatic;
					};
				};
			};
			buildConfigurationList = C51012421FC9A33200CB45A3 /* Build configuration list for PBXProject "CobaCoreML" */;
			compatibilityVersion = "Xcode 3.2";
			developmentRegion = English;
			hasScannedForEncodings = 0;
			knownRegions = (
				en,
				Base,
			);
			mainGroup = C510123E1FC9A33200CB45A3;
			productRefGroup = C51012481FC9A33200CB45A3 /* Products */;
			projectDirPath = "";
			projectRoot = "";
			targets = (
				C51012461FC9A33200CB45A3 /* CobaCoreML */,
			);
		};
/* End PBXProject section */

/* Begin PBXResourcesBuildPhase section */
		C51012451FC9A33200CB45A3 /* Resources */ = {
			isa = PBXResourcesBuildPhase;
			buildActionMask = 2147483647;
			files = (
				C51012551FC9A33200CB45A3 /* LaunchScreen.storyboard in Resources */,
				C51012521FC9A33200CB45A3 /* Assets.xcassets in Resources */,
				C51012501FC9A33200CB45A3 /* Main.storyboard in Resources */,
			);
			runOnlyForDeploymentPostprocessing = 0;
		};
/* End PBXResourcesBuildPhase section */

/* Begin PBXSourcesBuildPhase section */
		C51012431FC9A33200CB45A3 /* Sources */ = {
			isa = PBXSourcesBuildPhase;
			buildActionMask = 2147483647;
			files = (
				C510124D1FC9A33200CB45A3 /* ViewController.swift in Sources */,
				C51943A51FC9B372005A93BA /* Inceptionv3.mlmodel in Sources */,
				C510124B1FC9A33200CB45A3 /* AppDelegate.swift in Sources */,
			);
			runOnlyForDeploymentPostprocessing = 0;
		};
/* End PBXSourcesBuildPhase section */

/* Begin PBXVariantGroup section */
		C510124E1FC9A33200CB45A3 /* Main.storyboard */ = {
			isa = PBXVariantGroup;
			children = (
				C510124F1FC9A33200CB45A3 /* Base */,
			);
			name = Main.storyboard;
			sourceTree = "<group>";
		};
		C51012531FC9A33200CB45A3 /* LaunchScreen.storyboard */ = {
			isa = PBXVariantGroup;
			children = (
				C51012541FC9A33200CB45A3 /* Base */,
			);
			name = LaunchScreen.storyboard;
			sourceTree = "<group>";
		};
/* End PBXVariantGroup section */

/* Begin XCBuildConfiguration section */
		C51012571FC9A33200CB45A3 /* Debug */ = {
			isa = XCBuildConfiguration;
			buildSettings = {
				ALWAYS_SEARCH_USER_PATHS = NO;
				CLANG_ANALYZER_NONNULL = YES;
				CLANG_ANALYZER_NUMBER_OBJECT_CONVERSION = YES_AGGRESSIVE;
				CLANG_CXX_LANGUAGE_STANDARD = "gnu++0x";
				CLANG_CXX_LIBRARY = "libc++";
				CLANG_ENABLE_MODULES = YES;
				CLANG_ENABLE_OBJC_ARC = YES;
				CLANG_WARN_BOOL_CONVERSION = YES;
				CLANG_WARN_CONSTANT_CONVERSION = YES;
				CLANG_WARN_DIRECT_OBJC_ISA_USAGE = YES_ERROR;
				CLANG_WARN_DOCUMENTATION_COMMENTS = YES;
				CLANG_WARN_EMPTY_BODY = YES;
				CLANG_WARN_ENUM_CONVERSION = YES;
				CLANG_WARN_INFINITE_RECURSION = YES;
				CLANG_WARN_INT_CONVERSION = YES;
				CLANG_WARN_OBJC_ROOT_CLASS = YES_ERROR;
				CLANG_WARN_SUSPICIOUS_MOVE = YES;
				CLANG_WARN_UNREACHABLE_CODE = YES;
				CLANG_WARN__DUPLICATE_METHOD_MATCH = YES;
				"CODE_SIGN_IDENTITY[sdk=iphoneos*]" = "iPhone Developer";
				COPY_PHASE_STRIP = NO;
				DEBUG_INFORMATION_FORMAT = dwarf;
				ENABLE_STRICT_OBJC_MSGSEND = YES;
				ENABLE_TESTABILITY = YES;
				GCC_C_LANGUAGE_STANDARD = gnu99;
				GCC_DYNAMIC_NO_PIC = NO;
				GCC_NO_COMMON_BLOCKS = YES;
				GCC_OPTIMIZATION_LEVEL = 0;
				GCC_PREPROCESSOR_DEFINITIONS = (
					"DEBUG=1",
					"$(inherited)",
				);
				GCC_WARN_64_TO_32_BIT_CONVERSION = YES;
				GCC_WARN_ABOUT_RETURN_TYPE = YES_ERROR;
				GCC_WARN_UNDECLARED_SELECTOR = YES;
				GCC_WARN_UNINITIALIZED_AUTOS = YES_AGGRESSIVE;
				GCC_WARN_UNUSED_FUNCTION = YES;
				GCC_WARN_UNUSED_VARIABLE = YES;
				IPHONEOS_DEPLOYMENT_TARGET = 10.3;
				MTL_ENABLE_DEBUG_INFO = YES;
				ONLY_ACTIVE_ARCH = YES;
				SDKROOT = iphoneos;
				SWIFT_ACTIVE_COMPILATION_CONDITIONS = DEBUG;
				SWIFT_OPTIMIZATION_LEVEL = "-Onone";
			};
			name = Debug;
		};
		C51012581FC9A33200CB45A3 /* Release */ = {
			isa = XCBuildConfiguration;
			buildSettings = {
				ALWAYS_SEARCH_USER_PATHS = NO;
				CLANG_ANALYZER_NONNULL = YES;
				CLANG_ANALYZER_NUMBER_OBJECT_CONVERSION = YES_AGGRESSIVE;
				CLANG_CXX_LANGUAGE_STANDARD = "gnu++0x";
				CLANG_CXX_LIBRARY = "libc++";
				CLANG_ENABLE_MODULES = YES;
				CLANG_ENABLE_OBJC_ARC = YES;
				CLANG_WARN_BOOL_CONVERSION = YES;
				CLANG_WARN_CONSTANT_CONVERSION = YES;
				CLANG_WARN_DIRECT_OBJC_ISA_USAGE = YES_ERROR;
				CLANG_WARN_DOCUMENTATION_COMMENTS = YES;
				CLANG_WARN_EMPTY_BODY = YES;
				CLANG_WARN_ENUM_CONVERSION = YES;
				CLANG_WARN_INFINITE_RECURSION = YES;
				CLANG_WARN_INT_CONVERSION = YES;
				CLANG_WARN_OBJC_ROOT_CLASS = YES_ERROR;
				CLANG_WARN_SUSPICIOUS_MOVE = YES;
				CLANG_WARN_UNREACHABLE_CODE = YES;
				CLANG_WARN__DUPLICATE_METHOD_MATCH = YES;
				"CODE_SIGN_IDENTITY[sdk=iphoneos*]" = "iPhone Developer";
				COPY_PHASE_STRIP = NO;
				DEBUG_INFORMATION_FORMAT = "dwarf-with-dsym";
				ENABLE_NS_ASSERTIONS = NO;
				ENABLE_STRICT_OBJC_MSGSEND = YES;
				GCC_C_LANGUAGE_STANDARD = gnu99;
				GCC_NO_COMMON_BLOCKS = YES;
				GCC_WARN_64_TO_32_BIT_CONVERSION = YES;
				GCC_WARN_ABOUT_RETURN_TYPE = YES_ERROR;
				GCC_WARN_UNDECLARED_SELECTOR = YES;
				GCC_WARN_UNINITIALIZED_AUTOS = YES_AGGRESSIVE;
				GCC_WARN_UNUSED_FUNCTION = YES;
				GCC_WARN_UNUSED_VARIABLE = YES;
				IPHONEOS_DEPLOYMENT_TARGET = 10.3;
				MTL_ENABLE_DEBUG_INFO = NO;
				SDKROOT = iphoneos;
				SWIFT_OPTIMIZATION_LEVEL = "-Owholemodule";
				VALIDATE_PRODUCT = YES;
			};
			name = Release;
		};
		C510125A1FC9A33200CB45A3 /* Debug */ = {
			isa = XCBuildConfiguration;
			buildSettings = {
				ASSETCATALOG_COMPILER_APPICON_NAME = AppIcon;
				DEVELOPMENT_TEAM = 77C5V7A2G9;
				INFOPLIST_FILE = CobaCoreML/Info.plist;
				IPHONEOS_DEPLOYMENT_TARGET = 11.1;
				LD_RUNPATH_SEARCH_PATHS = "$(inherited) @executable_path/Frameworks";
				PRODUCT_BUNDLE_IDENTIFIER = com.codelabs.CobaCoreML;
				PRODUCT_NAME = "$(TARGET_NAME)";
				SWIFT_VERSION = 3.0;
			};
			name = Debug;
		};
		C510125B1FC9A33200CB45A3 /* Release */ = {
			isa = XCBuildConfiguration;
			buildSettings = {
				ASSETCATALOG_COMPILER_APPICON_NAME = AppIcon;
				DEVELOPMENT_TEAM = 77C5V7A2G9;
				INFOPLIST_FILE = CobaCoreML/Info.plist;
				IPHONEOS_DEPLOYMENT_TARGET = 11.1;
				LD_RUNPATH_SEARCH_PATHS = "$(inherited) @executable_path/Frameworks";
				PRODUCT_BUNDLE_IDENTIFIER = com.codelabs.CobaCoreML;
				PRODUCT_NAME = "$(TARGET_NAME)";
				SWIFT_VERSION = 3.0;
			};
			name = Release;
		};
/* End XCBuildConfiguration section */

/* Begin XCConfigurationList section */
		C51012421FC9A33200CB45A3 /* Build configuration list for PBXProject "CobaCoreML" */ = {
			isa = XCConfigurationList;
			buildConfigurations = (
				C51012571FC9A33200CB45A3 /* Debug */,
				C51012581FC9A33200CB45A3 /* Release */,
			);
			defaultConfigurationIsVisible = 0;
			defaultConfigurationName = Release;
		};
		C51012591FC9A33200CB45A3 /* Build configuration list for PBXNativeTarget "CobaCoreML" */ = {
			isa = XCConfigurationList;
			buildConfigurations = (
				C510125A1FC9A33200CB45A3 /* Debug */,
				C510125B1FC9A33200CB45A3 /* Release */,
			);
			defaultConfigurationIsVisible = 0;
			defaultConfigurationName = Release;
		};
/* End XCConfigurationList section */
	};
	rootObject = C510123F1FC9A33200CB45A3 /* Project object */;
}
